
Microsoft Visual Studio Solution File, Format Version 12.00
# Visual Studio Version 16
VisualStudioVersion = 16.0.29215.179
MinimumVisualStudioVersion = 10.0.40219.1
Project("{FAE04EC0-301F-11D3-BF4B-00C04F79EFBC}") = "InstallPlotStyles", "InstallPlotStyles.csproj", "{D2998F89-168E-46D8-8006-078D5F9F6756}"
EndProject
Global
	GlobalSection(SolutionConfigurationPlatforms) = preSolution
		Debug|Any CPU = Debug|Any CPU
		Release|Any CPU = Release|Any CPU
	EndGlobalSection
	GlobalSection(ProjectConfigurationPlatforms) = postSolution
		{D2998F89-168E-46D8-8006-078D5F9F6756}.Debug|Any CPU.ActiveCfg = Debug|Any CPU
		{D2998F89-168E-46D8-8006-078D5F9F6756}.Debug|Any CPU.Build.0 = Debug|Any CPU
		{D2998F89-168E-46D8-8006-078D5F9F6756}.Release|Any CPU.ActiveCfg = Release|Any CPU
		{D2998F89-168E-46D8-8006-078D5F9F6756}.Release|Any CPU.Build.0 = Release|Any CPU
	EndGlobalSection
	GlobalSection(SolutionProperties) = preSolution
		HideSolutionNode = FALSE
	EndGlobalSection
	GlobalSection(ExtensibilityGlobals) = postSolution
		SolutionGuid = {C6075DF4-BFFE-4D05-9BC2-84C8C969D0CA}
	EndGlobalSection
EndGlobal
